<Solution>
  <Folder Name="/New-RPI-TFLUMA-UnderDevlopment/" />
  <Folder Name="/New-RPI-TFLUMA-UnderDevlopment/Multitasking/">
    <File Path="New-RPI-TFLUMA-UnderDevlopment/Multitasking/common.h" />
    <File Path="New-RPI-TFLUMA-UnderDevlopment/Multitasking/core2.cpp" />
    <File Path="New-RPI-TFLUMA-UnderDevlopment/Multitasking/misc.cpp" />
    <File Path="New-RPI-TFLUMA-UnderDevlopment/Multitasking/misc.h" />
    <File Path="New-RPI-TFLUMA-UnderDevlopment/Multitasking/Multitasking.ino" />
    <File Path="New-RPI-TFLUMA-UnderDevlopment/Multitasking/serialdebug.cpp" />
    <File Path="New-RPI-TFLUMA-UnderDevlopment/Multitasking/serialdebug.h" />
    <File Path="New-RPI-TFLUMA-UnderDevlopment/Multitasking/tf-luma.cpp" />
    <File Path="New-RPI-TFLUMA-UnderDevlopment/Multitasking/tf-luma.h" />
  </Folder>
  <Folder Name="/Solution Items/">
    <File Path="README.md" />
  </Folder>
  <Folder Name="/Solution Items/RpiPicoBleSvc/">
    <File Path="RpiPicoBleSvc/btstack_config.h" />
    <File Path="RpiPicoBleSvc/image-1.png" />
    <File Path="RpiPicoBleSvc/README.md" />
    <File Path="RpiPicoBleSvc/RpiPicoBleSvc.ino" />
    <File Path="RpiPicoBleSvc/serialdebug.cpp" />
    <File Path="RpiPicoBleSvc/serialdebug.h" />
    <File Path="RpiPicoBleSvc/tf-luma.cpp" />
    <File Path="RpiPicoBleSvc/tf-luma.h" />
  </Folder>
  <Project Path="BleConsoleClient/BleConsoleClient.csproj" />
  <Project Path="BleWpfClient/BleWpfClient.csproj" />
  <Project Path="TfLunaBleClientLib/TfLunaBleClientLib.csproj" />
</Solution>
